{
  "name": "examCertifCreaWebStatique",
  "lockfileVersion": 3,
  "requires": true,
  "packages": {
    "": {
      "dependencies": {
        "animate.css": "^4.1.1",
        "icofont": "^1.0.0",
        "reset.css": "^2.0.2"
      }
    },
    "node_modules/animate.css": {
      "version": "4.1.1",
      "resolved": "https://registry.npmjs.org/animate.css/-/animate.css-4.1.1.tgz",
      "integrity": "sha512-+mRmCTv6SbCmtYJCN4faJMNFVNN5EuCTTprDTAo7YzIGji2KADmakjVA3+8mVDkZ2Bf09vayB35lSQIex2+QaQ==",
      "license": "MIT"
    },
    "node_modules/icofont": {
      "version": "1.0.0",
      "resolved": "https://registry.npmjs.org/icofont/-/icofont-1.0.0.tgz",
      "integrity": "sha512-yNhEQMBFWq8qRHhljhMkbRfQ9rjKY1eVeNIlW46pNKGRY8BlRhG91/bgBOMFwW1+jHBrt33kvVwLmg9MLVBmqw==",
      "license": "CC-BY-4.0"
    },
    "node_modules/reset.css": {
      "version": "2.0.2",
      "resolved": "https://registry.npmjs.org/reset.css/-/reset.css-2.0.2.tgz",
      "integrity": "sha512-HG5RQLYcAxou3yw+Gnzwan1jJCbOcIBZjwoD/YLWuAd8kkuDI/ZqC0uRhY4ReKOOJaM1Y1kvwebHOwK4P8Sevg==",
      "license": "SEE LICENSE IN reset.css"
    }
  }
}
